github.com/eclipse/paho.mqtt.golang v1.4.3 h1:2kwcUGn8seMUfWndX0hGbvH8r7crgcJguQNCyp70xik=
github.com/eclipse/paho.mqtt.golang v1.4.3/go.mod h1:CSYvoAlsMkhYOXh/oKyxa8EcBci6dVkLCbo5tTC1RIE=
github.com/golang/glog v1.2.1 h1:OptwRhECazUx5ix5TTWC3EZhsZEHWcYWY4FQHTIubm4=
github.com/golang/glog v1.2.1/go.mod h1:6AhwSGph0fcJtXVM/PEHPqZlFeoLxhs7/t5UDAwmO+w=
github.com/gorilla/websocket v1.5.0 h1:PPwGk2jz7EePpoHN/+ClbZu8SPxiqlu12wZP/3sWmnc=
github.com/gorilla/websocket v1.5.0/go.mod h1:YR8l580nyteQvAITg2hZ9XVh4b55+EU/adAjf1fMHhE=
github.com/joho/godotenv v1.5.1 h1:7eLL/+HRGLY0ldzfGMeQkb7vMd0as4CfYvUVzLqw0N0=
github.com/joho/godotenv v1.5.1/go.mod h1:f4LDr5Voq0i2e/R5DDNOoa2zzDfwtkZa6DnEwAbqwq4=
github.com/rspier/go-ecobee v0.0.0-20240630053119-3d6347a13d73 h1:EvmDqWNiRjVPmt3uTvJvp0FCQ/mkqqherPYEkPshlu0=
github.com/rspier/go-ecobee v0.0.0-20240630053119-3d6347a13d73/go.mod h1:ciR9EQRDmwNHNJKNKrvxTxE0nw94QTXHt/VCqkvzjUs=
golang.org/x/net v0.8.0 h1:Zrh2ngAOFYneWTAIAPethzeaQLuHwhuBkuV6ZiRnUaQ=
golang.org/x/net v0.8.0/go.mod h1:QVkue5JL9kW//ek3r6jTKnTFis1tRmNAW2P1shuFdJc=
golang.org/x/oauth2 v0.19.0 h1:9+E/EZBCbTLNrbN35fHv/a/d/mOBatymz1zbtQrXpIg=
golang.org/x/oauth2 v0.19.0/go.mod h1:vYi7skDa1x015PmRRYZ7+s1cWyPgrPiSYRe4rnsexc8=
golang.org/x/sync v0.1.0 h1:wsuoTGHzEhffawBOhz5CYhcrV4IdKZbEyZjBMuTp12o=
golang.org/x/sync v0.1.0/go.mod h1:RxMgew5VJxzue5/jJTE5uejpjVlOe/izrB70Jof72aM=
